
Microsoft Visual Studio Solution File, Format Version 12.00
# Visual Studio Version 16
VisualStudioVersion = 16.0.31410.357
MinimumVisualStudioVersion = 10.0.40219.1
Project("{FAE04EC0-301F-11D3-BF4B-00C04F79EFBC}") = "Практос 1", "Практос 1\Практос 1.csproj", "{8122428F-29D8-4FE3-A68C-081037E09BC8}"
EndProject
Global
	GlobalSection(SolutionConfigurationPlatforms) = preSolution
		Debug|Any CPU = Debug|Any CPU
		Release|Any CPU = Release|Any CPU
	EndGlobalSection
	GlobalSection(ProjectConfigurationPlatforms) = postSolution
		{8122428F-29D8-4FE3-A68C-081037E09BC8}.Debug|Any CPU.ActiveCfg = Debug|Any CPU
		{8122428F-29D8-4FE3-A68C-081037E09BC8}.Debug|Any CPU.Build.0 = Debug|Any CPU
		{8122428F-29D8-4FE3-A68C-081037E09BC8}.Release|Any CPU.ActiveCfg = Release|Any CPU
		{8122428F-29D8-4FE3-A68C-081037E09BC8}.Release|Any CPU.Build.0 = Release|Any CPU
	EndGlobalSection
	GlobalSection(SolutionProperties) = preSolution
		HideSolutionNode = FALSE
	EndGlobalSection
	GlobalSection(ExtensibilityGlobals) = postSolution
		SolutionGuid = {4134C5F2-BF34-4880-BB76-68C024853BDC}
	EndGlobalSection
EndGlobal
